// !$*UTF8*$!
{
	archiveVersion = 1;
	classes = {
	};
	objectVersion = 50;
	objects = {

/* Begin PBXBuildFile section */
		B1495E9E23C1AA7C00B768C5 /* imagesModel.swift in Sources */ = {isa = PBXBuildFile; fileRef = B1495E9D23C1AA7C00B768C5 /* imagesModel.swift */; };
		B1495EA023C1AB8C00B768C5 /* imagesList.swift in Sources */ = {isa = PBXBuildFile; fileRef = B1495E9F23C1AB8C00B768C5 /* imagesList.swift */; };
		B151BC3A23BF481700925348 /* AppDelegate.swift in Sources */ = {isa = PBXBuildFile; fileRef = B151BC3923BF481700925348 /* AppDelegate.swift */; };
		B151BC3C23BF481700925348 /* SceneDelegate.swift in Sources */ = {isa = PBXBuildFile; fileRef = B151BC3B23BF481700925348 /* SceneDelegate.swift */; };
		B151BC3E23BF481700925348 /* ViewController.swift in Sources */ = {isa = PBXBuildFile; fileRef = B151BC3D23BF481700925348 /* ViewController.swift */; };
		B151BC4123BF481700925348 /* Main.storyboard in Resources */ = {isa = PBXBuildFile; fileRef = B151BC3F23BF481700925348 /* Main.storyboard */; };
		B151BC4323BF481800925348 /* Assets.xcassets in Resources */ = {isa = PBXBuildFile; fileRef = B151BC4223BF481800925348 /* Assets.xcassets */; };
		B151BC4623BF481800925348 /* LaunchScreen.storyboard in Resources */ = {isa = PBXBuildFile; fileRef = B151BC4423BF481800925348 /* LaunchScreen.storyboard */; };
		B151BC4E23BF495700925348 /* batsuSound.mp3 in Resources */ = {isa = PBXBuildFile; fileRef = B151BC4D23BF495700925348 /* batsuSound.mp3 */; };
		B151BC5123BF496500925348 /* sound.mp3 in Resources */ = {isa = PBXBuildFile; fileRef = B151BC4F23BF496500925348 /* sound.mp3 */; };
		B151BC5223BF496500925348 /* maruSound.mp3 in Resources */ = {isa = PBXBuildFile; fileRef = B151BC5023BF496500925348 /* maruSound.mp3 */; };
		B151BC5423BF4A9800925348 /* NextViewController.swift in Sources */ = {isa = PBXBuildFile; fileRef = B151BC5323BF4A9800925348 /* NextViewController.swift */; };
/* End PBXBuildFile section */

/* Begin PBXFileReference section */
		B1495E9D23C1AA7C00B768C5 /* imagesModel.swift */ = {isa = PBXFileReference; lastKnownFileType = sourcecode.swift; path = imagesModel.swift; sourceTree = "<group>"; };
		B1495E9F23C1AB8C00B768C5 /* imagesList.swift */ = {isa = PBXFileReference; lastKnownFileType = sourcecode.swift; path = imagesList.swift; sourceTree = "<group>"; };
		B151BC3623BF481700925348 /* QuestionAppPractice.app */ = {isa = PBXFileReference; explicitFileType = wrapper.application; includeInIndex = 0; path = QuestionAppPractice.app; sourceTree = BUILT_PRODUCTS_DIR; };
		B151BC3923BF481700925348 /* AppDelegate.swift */ = {isa = PBXFileReference; lastKnownFileType = sourcecode.swift; path = AppDelegate.swift; sourceTree = "<group>"; };
		B151BC3B23BF481700925348 /* SceneDelegate.swift */ = {isa = PBXFileReference; lastKnownFileType = sourcecode.swift; path = SceneDelegate.swift; sourceTree = "<group>"; };
		B151BC3D23BF481700925348 /* ViewController.swift */ = {isa = PBXFileReference; lastKnownFileType = sourcecode.swift; path = ViewController.swift; sourceTree = "<group>"; };
		B151BC4023BF481700925348 /* Base */ = {isa = PBXFileReference; lastKnownFileType = file.storyboard; name = Base; path = Base.lproj/Main.storyboard; sourceTree = "<group>"; };
		B151BC4223BF481800925348 /* Assets.xcassets */ = {isa = PBXFileReference; lastKnownFileType = folder.assetcatalog; path = Assets.xcassets; sourceTree = "<group>"; };
		B151BC4523BF481800925348 /* Base */ = {isa = PBXFileReference; lastKnownFileType = file.storyboard; name = Base; path = Base.lproj/LaunchScreen.storyboard; sourceTree = "<group>"; };
		B151BC4723BF481800925348 /* Info.plist */ = {isa = PBXFileReference; lastKnownFileType = text.plist.xml; path = Info.plist; sourceTree = "<group>"; };
		B151BC4D23BF495700925348 /* batsuSound.mp3 */ = {isa = PBXFileReference; lastKnownFileType = audio.mp3; path = batsuSound.mp3; sourceTree = "<group>"; };
		B151BC4F23BF496500925348 /* sound.mp3 */ = {isa = PBXFileReference; lastKnownFileType = audio.mp3; path = sound.mp3; sourceTree = "<group>"; };
		B151BC5023BF496500925348 /* maruSound.mp3 */ = {isa = PBXFileReference; lastKnownFileType = audio.mp3; path = maruSound.mp3; sourceTree = "<group>"; };
		B151BC5323BF4A9800925348 /* NextViewController.swift */ = {isa = PBXFileReference; lastKnownFileType = sourcecode.swift; path = NextViewController.swift; sourceTree = "<group>"; };
/* End PBXFileReference section */

/* Begin PBXFrameworksBuildPhase section */
		B151BC3323BF481700925348 /* Frameworks */ = {
			isa = PBXFrameworksBuildPhase;
			buildActionMask = 2147483647;
			files = (
			);
			runOnlyForDeploymentPostprocessing = 0;
		};
/* End PBXFrameworksBuildPhase section */

/* Begin PBXGroup section */
		B151BC2D23BF481700925348 = {
			isa = PBXGroup;
			children = (
				B151BC3823BF481700925348 /* QuestionAppPractice */,
				B151BC3723BF481700925348 /* Products */,
			);
			sourceTree = "<group>";
		};
		B151BC3723BF481700925348 /* Products */ = {
			isa = PBXGroup;
			children = (
				B151BC3623BF481700925348 /* QuestionAppPractice.app */,
			);
			name = Products;
			sourceTree = "<group>";
		};
		B151BC3823BF481700925348 /* QuestionAppPractice */ = {
			isa = PBXGroup;
			children = (
				B151BC5723BF4B2700925348 /* Model */,
				B151BC5523BF4AAB00925348 /* View */,
				B151BC5623BF4AD200925348 /* Controller */,
				B151BC4423BF481800925348 /* LaunchScreen.storyboard */,
				B151BC4D23BF495700925348 /* batsuSound.mp3 */,
				B151BC5023BF496500925348 /* maruSound.mp3 */,
				B151BC4F23BF496500925348 /* sound.mp3 */,
				B151BC4723BF481800925348 /* Info.plist */,
			);
			path = QuestionAppPractice;
			sourceTree = "<group>";
		};
		B151BC5523BF4AAB00925348 /* View */ = {
			isa = PBXGroup;
			children = (
				B151BC3F23BF481700925348 /* Main.storyboard */,
				B151BC4223BF481800925348 /* Assets.xcassets */,
			);
			path = View;
			sourceTree = "<group>";
		};
		B151BC5623BF4AD200925348 /* Controller */ = {
			isa = PBXGroup;
			children = (
				B151BC3923BF481700925348 /* AppDelegate.swift */,
				B151BC3B23BF481700925348 /* SceneDelegate.swift */,
				B151BC3D23BF481700925348 /* ViewController.swift */,
				B151BC5323BF4A9800925348 /* NextViewController.swift */,
			);
			path = Controller;
			sourceTree = "<group>";
		};
		B151BC5723BF4B2700925348 /* Model */ = {
			isa = PBXGroup;
			children = (
				B1495E9D23C1AA7C00B768C5 /* imagesModel.swift */,
				B1495E9F23C1AB8C00B768C5 /* imagesList.swift */,
			);
			path = Model;
			sourceTree = "<group>";
		};
/* End PBXGroup section */

/* Begin PBXNativeTarget section */
		B151BC3523BF481700925348 /* QuestionAppPractice */ = {
			isa = PBXNativeTarget;
			buildConfigurationList = B151BC4A23BF481800925348 /* Build configuration list for PBXNativeTarget "QuestionAppPractice" */;
			buildPhases = (
				B151BC3223BF481700925348 /* Sources */,
				B151BC3323BF481700925348 /* Frameworks */,
				B151BC3423BF481700925348 /* Resources */,
			);
			buildRules = (
			);
			dependencies = (
			);
			name = QuestionAppPractice;
			productName = QuestionAppPractice;
			productReference = B151BC3623BF481700925348 /* QuestionAppPractice.app */;
			productType = "com.apple.product-type.application";
		};
/* End PBXNativeTarget section */

/* Begin PBXProject section */
		B151BC2E23BF481700925348 /* Project object */ = {
			isa = PBXProject;
			attributes = {
				LastSwiftUpdateCheck = 1130;
				LastUpgradeCheck = 1130;
				ORGANIZATIONNAME = Taigashiga;
				TargetAttributes = {
					B151BC3523BF481700925348 = {
						CreatedOnToolsVersion = 11.3;
					};
				};
			};
			buildConfigurationList = B151BC3123BF481700925348 /* Build configuration list for PBXProject "QuestionAppPractice" */;
			compatibilityVersion = "Xcode 9.3";
			developmentRegion = en;
			hasScannedForEncodings = 0;
			knownRegions = (
				en,
				Base,
			);
			mainGroup = B151BC2D23BF481700925348;
			productRefGroup = B151BC3723BF481700925348 /* Products */;
			projectDirPath = "";
			projectRoot = "";
			targets = (
				B151BC3523BF481700925348 /* QuestionAppPractice */,
			);
		};
/* End PBXProject section */

/* Begin PBXResourcesBuildPhase section */
		B151BC3423BF481700925348 /* Resources */ = {
			isa = PBXResourcesBuildPhase;
			buildActionMask = 2147483647;
			files = (
				B151BC4E23BF495700925348 /* batsuSound.mp3 in Resources */,
				B151BC4623BF481800925348 /* LaunchScreen.storyboard in Resources */,
				B151BC4323BF481800925348 /* Assets.xcassets in Resources */,
				B151BC4123BF481700925348 /* Main.storyboard in Resources */,
				B151BC5123BF496500925348 /* sound.mp3 in Resources */,
				B151BC5223BF496500925348 /* maruSound.mp3 in Resources */,
			);
			runOnlyForDeploymentPostprocessing = 0;
		};
/* End PBXResourcesBuildPhase section */

/* Begin PBXSourcesBuildPhase section */
		B151BC3223BF481700925348 /* Sources */ = {
			isa = PBXSourcesBuildPhase;
			buildActionMask = 2147483647;
			files = (
				B151BC3E23BF481700925348 /* ViewController.swift in Sources */,
				B151BC5423BF4A9800925348 /* NextViewController.swift in Sources */,
				B151BC3A23BF481700925348 /* AppDelegate.swift in Sources */,
				B151BC3C23BF481700925348 /* SceneDelegate.swift in Sources */,
				B1495E9E23C1AA7C00B768C5 /* imagesModel.swift in Sources */,
				B1495EA023C1AB8C00B768C5 /* imagesList.swift in Sources */,
			);
			runOnlyForDeploymentPostprocessing = 0;
		};
/* End PBXSourcesBuildPhase section */

/* Begin PBXVariantGroup section */
		B151BC3F23BF481700925348 /* Main.storyboard */ = {
			isa = PBXVariantGroup;
			children = (
				B151BC4023BF481700925348 /* Base */,
			);
			name = Main.storyboard;
			sourceTree = "<group>";
		};
		B151BC4423BF481800925348 /* LaunchScreen.storyboard */ = {
			isa = PBXVariantGroup;
			children = (
				B151BC4523BF481800925348 /* Base */,
			);
			name = LaunchScreen.storyboard;
			sourceTree = "<group>";
		};
/* End PBXVariantGroup section */

/* Begin XCBuildConfiguration section */
		B151BC4823BF481800925348 /* Debug */ = {
			isa = XCBuildConfiguration;
			buildSettings = {
				ALWAYS_SEARCH_USER_PATHS = NO;
				CLANG_ANALYZER_NONNULL = YES;
				CLANG_ANALYZER_NUMBER_OBJECT_CONVERSION = YES_AGGRESSIVE;
				CLANG_CXX_LANGUAGE_STANDARD = "gnu++14";
				CLANG_CXX_LIBRARY = "libc++";
				CLANG_ENABLE_MODULES = YES;
				CLANG_ENABLE_OBJC_ARC = YES;
				CLANG_ENABLE_OBJC_WEAK = YES;
				CLANG_WARN_BLOCK_CAPTURE_AUTORELEASING = YES;
				CLANG_WARN_BOOL_CONVERSION = YES;
				CLANG_WARN_COMMA = YES;
				CLANG_WARN_CONSTANT_CONVERSION = YES;
				CLANG_WARN_DEPRECATED_OBJC_IMPLEMENTATIONS = YES;
				CLANG_WARN_DIRECT_OBJC_ISA_USAGE = YES_ERROR;
				CLANG_WARN_DOCUMENTATION_COMMENTS = YES;
				CLANG_WARN_EMPTY_BODY = YES;
				CLANG_WARN_ENUM_CONVERSION = YES;
				CLANG_WARN_INFINITE_RECURSION = YES;
				CLANG_WARN_INT_CONVERSION = YES;
				CLANG_WARN_NON_LITERAL_NULL_CONVERSION = YES;
				CLANG_WARN_OBJC_IMPLICIT_RETAIN_SELF = YES;
				CLANG_WARN_OBJC_LITERAL_CONVERSION = YES;
				CLANG_WARN_OBJC_ROOT_CLASS = YES_ERROR;
				CLANG_WARN_RANGE_LOOP_ANALYSIS = YES;
				CLANG_WARN_STRICT_PROTOTYPES = YES;
				CLANG_WARN_SUSPICIOUS_MOVE = YES;
				CLANG_WARN_UNGUARDED_AVAILABILITY = YES_AGGRESSIVE;
				CLANG_WARN_UNREACHABLE_CODE = YES;
				CLANG_WARN__DUPLICATE_METHOD_MATCH = YES;
				COPY_PHASE_STRIP = NO;
				DEBUG_INFORMATION_FORMAT = dwarf;
				ENABLE_STRICT_OBJC_MSGSEND = YES;
				ENABLE_TESTABILITY = YES;
				GCC_C_LANGUAGE_STANDARD = gnu11;
				GCC_DYNAMIC_NO_PIC = NO;
				GCC_NO_COMMON_BLOCKS = YES;
				GCC_OPTIMIZATION_LEVEL = 0;
				GCC_PREPROCESSOR_DEFINITIONS = (
					"DEBUG=1",
					"$(inherited)",
				);
				GCC_WARN_64_TO_32_BIT_CONVERSION = YES;
				GCC_WARN_ABOUT_RETURN_TYPE = YES_ERROR;
				GCC_WARN_UNDECLARED_SELECTOR = YES;
				GCC_WARN_UNINITIALIZED_AUTOS = YES_AGGRESSIVE;
				GCC_WARN_UNUSED_FUNCTION = YES;
				GCC_WARN_UNUSED_VARIABLE = YES;
				IPHONEOS_DEPLOYMENT_TARGET = 13.2;
				MTL_ENABLE_DEBUG_INFO = INCLUDE_SOURCE;
				MTL_FAST_MATH = YES;
				ONLY_ACTIVE_ARCH = YES;
				SDKROOT = iphoneos;
				SWIFT_ACTIVE_COMPILATION_CONDITIONS = DEBUG;
				SWIFT_OPTIMIZATION_LEVEL = "-Onone";
			};
			name = Debug;
		};
		B151BC4923BF481800925348 /* Release */ = {
			isa = XCBuildConfiguration;
			buildSettings = {
				ALWAYS_SEARCH_USER_PATHS = NO;
				CLANG_ANALYZER_NONNULL = YES;
				CLANG_ANALYZER_NUMBER_OBJECT_CONVERSION = YES_AGGRESSIVE;
				CLANG_CXX_LANGUAGE_STANDARD = "gnu++14";
				CLANG_CXX_LIBRARY = "libc++";
				CLANG_ENABLE_MODULES = YES;
				CLANG_ENABLE_OBJC_ARC = YES;
				CLANG_ENABLE_OBJC_WEAK = YES;
				CLANG_WARN_BLOCK_CAPTURE_AUTORELEASING = YES;
				CLANG_WARN_BOOL_CONVERSION = YES;
				CLANG_WARN_COMMA = YES;
				CLANG_WARN_CONSTANT_CONVERSION = YES;
				CLANG_WARN_DEPRECATED_OBJC_IMPLEMENTATIONS = YES;
				CLANG_WARN_DIRECT_OBJC_ISA_USAGE = YES_ERROR;
				CLANG_WARN_DOCUMENTATION_COMMENTS = YES;
				CLANG_WARN_EMPTY_BODY = YES;
				CLANG_WARN_ENUM_CONVERSION = YES;
				CLANG_WARN_INFINITE_RECURSION = YES;
				CLANG_WARN_INT_CONVERSION = YES;
				CLANG_WARN_NON_LITERAL_NULL_CONVERSION = YES;
				CLANG_WARN_OBJC_IMPLICIT_RETAIN_SELF = YES;
				CLANG_WARN_OBJC_LITERAL_CONVERSION = YES;
				CLANG_WARN_OBJC_ROOT_CLASS = YES_ERROR;
				CLANG_WARN_RANGE_LOOP_ANALYSIS = YES;
				CLANG_WARN_STRICT_PROTOTYPES = YES;
				CLANG_WARN_SUSPICIOUS_MOVE = YES;
				CLANG_WARN_UNGUARDED_AVAILABILITY = YES_AGGRESSIVE;
				CLANG_WARN_UNREACHABLE_CODE = YES;
				CLANG_WARN__DUPLICATE_METHOD_MATCH = YES;
				COPY_PHASE_STRIP = NO;
				DEBUG_INFORMATION_FORMAT = "dwarf-with-dsym";
				ENABLE_NS_ASSERTIONS = NO;
				ENABLE_STRICT_OBJC_MSGSEND = YES;
				GCC_C_LANGUAGE_STANDARD = gnu11;
				GCC_NO_COMMON_BLOCKS = YES;
				GCC_WARN_64_TO_32_BIT_CONVERSION = YES;
				GCC_WARN_ABOUT_RETURN_TYPE = YES_ERROR;
				GCC_WARN_UNDECLARED_SELECTOR = YES;
				GCC_WARN_UNINITIALIZED_AUTOS = YES_AGGRESSIVE;
				GCC_WARN_UNUSED_FUNCTION = YES;
				GCC_WARN_UNUSED_VARIABLE = YES;
				IPHONEOS_DEPLOYMENT_TARGET = 13.2;
				MTL_ENABLE_DEBUG_INFO = NO;
				MTL_FAST_MATH = YES;
				SDKROOT = iphoneos;
				SWIFT_COMPILATION_MODE = wholemodule;
				SWIFT_OPTIMIZATION_LEVEL = "-O";
				VALIDATE_PRODUCT = YES;
			};
			name = Release;
		};
		B151BC4B23BF481800925348 /* Debug */ = {
			isa = XCBuildConfiguration;
			buildSettings = {
				ASSETCATALOG_COMPILER_APPICON_NAME = AppIcon;
				CODE_SIGN_STYLE = Automatic;
				INFOPLIST_FILE = QuestionAppPractice/Info.plist;
				LD_RUNPATH_SEARCH_PATHS = (
					"$(inherited)",
					"@executable_path/Frameworks",
				);
				PRODUCT_BUNDLE_IDENTIFIER = project.QuestionAppPractice;
				PRODUCT_NAME = "$(TARGET_NAME)";
				SWIFT_VERSION = 5.0;
				TARGETED_DEVICE_FAMILY = "1,2";
			};
			name = Debug;
		};
		B151BC4C23BF481800925348 /* Release */ = {
			isa = XCBuildConfiguration;
			buildSettings = {
				ASSETCATALOG_COMPILER_APPICON_NAME = AppIcon;
				CODE_SIGN_STYLE = Automatic;
				INFOPLIST_FILE = QuestionAppPractice/Info.plist;
				LD_RUNPATH_SEARCH_PATHS = (
					"$(inherited)",
					"@executable_path/Frameworks",
				);
				PRODUCT_BUNDLE_IDENTIFIER = project.QuestionAppPractice;
				PRODUCT_NAME = "$(TARGET_NAME)";
				SWIFT_VERSION = 5.0;
				TARGETED_DEVICE_FAMILY = "1,2";
			};
			name = Release;
		};
/* End XCBuildConfiguration section */

/* Begin XCConfigurationList section */
		B151BC3123BF481700925348 /* Build configuration list for PBXProject "QuestionAppPractice" */ = {
			isa = XCConfigurationList;
			buildConfigurations = (
				B151BC4823BF481800925348 /* Debug */,
				B151BC4923BF481800925348 /* Release */,
			);
			defaultConfigurationIsVisible = 0;
			defaultConfigurationName = Release;
		};
		B151BC4A23BF481800925348 /* Build configuration list for PBXNativeTarget "QuestionAppPractice" */ = {
			isa = XCConfigurationList;
			buildConfigurations = (
				B151BC4B23BF481800925348 /* Debug */,
				B151BC4C23BF481800925348 /* Release */,
			);
			defaultConfigurationIsVisible = 0;
			defaultConfigurationName = Release;
		};
/* End XCConfigurationList section */
	};
	rootObject = B151BC2E23BF481700925348 /* Project object */;
}
